
Microsoft Visual Studio Solution File, Format Version 12.00
# Visual Studio 15
VisualStudioVersion = 15.0.27703.2047
MinimumVisualStudioVersion = 10.0.40219.1
Project("{FAE04EC0-301F-11D3-BF4B-00C04F79EFBC}") = "Clase04.Entidades", "Clase04.Entidades\Clase04.Entidades.csproj", "{0181C62B-5B68-4EB3-B31F-A71AF315DD81}"
EndProject
Project("{FAE04EC0-301F-11D3-BF4B-00C04F79EFBC}") = "Clase04.Test", "Clase04.Test\Clase04.Test.csproj", "{0ACBD172-82CF-44F1-A16A-9CAB1C5ED8A3}"
EndProject
Project("{FAE04EC0-301F-11D3-BF4B-00C04F79EFBC}") = "Clase04.WindowsForms", "Clase04.WindowsForms\Clase04.WindowsForms.csproj", "{3411A686-6655-41B2-85E3-69C0521A2590}"
EndProject
Global
	GlobalSection(SolutionConfigurationPlatforms) = preSolution
		Debug|Any CPU = Debug|Any CPU
		Release|Any CPU = Release|Any CPU
	EndGlobalSection
	GlobalSection(ProjectConfigurationPlatforms) = postSolution
		{0181C62B-5B68-4EB3-B31F-A71AF315DD81}.Debug|Any CPU.ActiveCfg = Debug|Any CPU
		{0181C62B-5B68-4EB3-B31F-A71AF315DD81}.Debug|Any CPU.Build.0 = Debug|Any CPU
		{0181C62B-5B68-4EB3-B31F-A71AF315DD81}.Release|Any CPU.ActiveCfg = Release|Any CPU
		{0181C62B-5B68-4EB3-B31F-A71AF315DD81}.Release|Any CPU.Build.0 = Release|Any CPU
		{0ACBD172-82CF-44F1-A16A-9CAB1C5ED8A3}.Debug|Any CPU.ActiveCfg = Debug|Any CPU
		{0ACBD172-82CF-44F1-A16A-9CAB1C5ED8A3}.Debug|Any CPU.Build.0 = Debug|Any CPU
		{0ACBD172-82CF-44F1-A16A-9CAB1C5ED8A3}.Release|Any CPU.ActiveCfg = Release|Any CPU
		{0ACBD172-82CF-44F1-A16A-9CAB1C5ED8A3}.Release|Any CPU.Build.0 = Release|Any CPU
		{3411A686-6655-41B2-85E3-69C0521A2590}.Debug|Any CPU.ActiveCfg = Debug|Any CPU
		{3411A686-6655-41B2-85E3-69C0521A2590}.Debug|Any CPU.Build.0 = Debug|Any CPU
		{3411A686-6655-41B2-85E3-69C0521A2590}.Release|Any CPU.ActiveCfg = Release|Any CPU
		{3411A686-6655-41B2-85E3-69C0521A2590}.Release|Any CPU.Build.0 = Release|Any CPU
	EndGlobalSection
	GlobalSection(SolutionProperties) = preSolution
		HideSolutionNode = FALSE
	EndGlobalSection
	GlobalSection(ExtensibilityGlobals) = postSolution
		SolutionGuid = {4E7DF212-B5E0-4596-9B78-8DA23E961DC2}
	EndGlobalSection
EndGlobal
